// !$*UTF8*$!
{
	archiveVersion = 1;
	classes = {
	};
	objectVersion = 50;
	objects = {

/* Begin PBXBuildFile section */
		3709EDFA273278680057FFC2 /* main.m in Sources */ = {isa = PBXBuildFile; fileRef = 3709EDF9273278680057FFC2 /* main.m */; };
		3709EE0627327E6D0057FFC2 /* Foundation.framework in Frameworks */ = {isa = PBXBuildFile; fileRef = 3709EE0527327E6D0057FFC2 /* Foundation.framework */; };
		3709EE0827327EA50057FFC2 /* CoreFoundation.framework in Frameworks */ = {isa = PBXBuildFile; fileRef = 3709EE0727327EA50057FFC2 /* CoreFoundation.framework */; };
/* End PBXBuildFile section */

/* Begin PBXCopyFilesBuildPhase section */
		3709EDF4273278680057FFC2 /* CopyFiles */ = {
			isa = PBXCopyFilesBuildPhase;
			buildActionMask = 2147483647;
			dstPath = /usr/share/man/man1/;
			dstSubfolderSpec = 0;
			files = (
			);
			runOnlyForDeploymentPostprocessing = 1;
		};
/* End PBXCopyFilesBuildPhase section */

/* Begin PBXFileReference section */
		3709EDF6273278680057FFC2 /* HelloLLVM */ = {isa = PBXFileReference; explicitFileType = "compiled.mach-o.executable"; includeInIndex = 0; path = HelloLLVM; sourceTree = BUILT_PRODUCTS_DIR; };
		3709EDF9273278680057FFC2 /* main.m */ = {isa = PBXFileReference; lastKnownFileType = sourcecode.c.objc; path = main.m; sourceTree = "<group>"; };
		3709EE0027327A6D0057FFC2 /* LLVMConfig.xcconfig */ = {isa = PBXFileReference; lastKnownFileType = text.xcconfig; path = LLVMConfig.xcconfig; sourceTree = "<group>"; };
		3709EE0527327E6D0057FFC2 /* Foundation.framework */ = {isa = PBXFileReference; lastKnownFileType = wrapper.framework; name = Foundation.framework; path = System/Library/Frameworks/Foundation.framework; sourceTree = SDKROOT; };
		3709EE0727327EA50057FFC2 /* CoreFoundation.framework */ = {isa = PBXFileReference; lastKnownFileType = wrapper.framework; name = CoreFoundation.framework; path = System/Library/Frameworks/CoreFoundation.framework; sourceTree = SDKROOT; };
/* End PBXFileReference section */

/* Begin PBXFrameworksBuildPhase section */
		3709EDF3273278680057FFC2 /* Frameworks */ = {
			isa = PBXFrameworksBuildPhase;
			buildActionMask = 2147483647;
			files = (
				3709EE0827327EA50057FFC2 /* CoreFoundation.framework in Frameworks */,
				3709EE0627327E6D0057FFC2 /* Foundation.framework in Frameworks */,
			);
			runOnlyForDeploymentPostprocessing = 0;
		};
/* End PBXFrameworksBuildPhase section */

/* Begin PBXGroup section */
		3709EDED273278680057FFC2 = {
			isa = PBXGroup;
			children = (
				3709EDF8273278680057FFC2 /* HelloLLVM */,
				3709EDF7273278680057FFC2 /* Products */,
				3709EE0427327E6D0057FFC2 /* Frameworks */,
			);
			sourceTree = "<group>";
		};
		3709EDF7273278680057FFC2 /* Products */ = {
			isa = PBXGroup;
			children = (
				3709EDF6273278680057FFC2 /* HelloLLVM */,
			);
			name = Products;
			sourceTree = "<group>";
		};
		3709EDF8273278680057FFC2 /* HelloLLVM */ = {
			isa = PBXGroup;
			children = (
				3709EDF9273278680057FFC2 /* main.m */,
				3709EE0027327A6D0057FFC2 /* LLVMConfig.xcconfig */,
			);
			path = HelloLLVM;
			sourceTree = "<group>";
		};
		3709EE0427327E6D0057FFC2 /* Frameworks */ = {
			isa = PBXGroup;
			children = (
				3709EE0727327EA50057FFC2 /* CoreFoundation.framework */,
				3709EE0527327E6D0057FFC2 /* Foundation.framework */,
			);
			name = Frameworks;
			sourceTree = "<group>";
		};
/* End PBXGroup section */

/* Begin PBXNativeTarget section */
		3709EDF5273278680057FFC2 /* HelloLLVM */ = {
			isa = PBXNativeTarget;
			buildConfigurationList = 3709EDFD273278680057FFC2 /* Build configuration list for PBXNativeTarget "HelloLLVM" */;
			buildPhases = (
				3709EDF2273278680057FFC2 /* Sources */,
				3709EDF3273278680057FFC2 /* Frameworks */,
				3709EDF4273278680057FFC2 /* CopyFiles */,
			);
			buildRules = (
			);
			dependencies = (
			);
			name = HelloLLVM;
			productName = HelloLLVM;
			productReference = 3709EDF6273278680057FFC2 /* HelloLLVM */;
			productType = "com.apple.product-type.tool";
		};
/* End PBXNativeTarget section */

/* Begin PBXProject section */
		3709EDEE273278680057FFC2 /* Project object */ = {
			isa = PBXProject;
			attributes = {
				LastUpgradeCheck = 1250;
				TargetAttributes = {
					3709EDF5273278680057FFC2 = {
						CreatedOnToolsVersion = 12.5;
					};
				};
			};
			buildConfigurationList = 3709EDF1273278680057FFC2 /* Build configuration list for PBXProject "HelloLLVM" */;
			compatibilityVersion = "Xcode 9.3";
			developmentRegion = en;
			hasScannedForEncodings = 0;
			knownRegions = (
				en,
				Base,
			);
			mainGroup = 3709EDED273278680057FFC2;
			productRefGroup = 3709EDF7273278680057FFC2 /* Products */;
			projectDirPath = "";
			projectRoot = "";
			targets = (
				3709EDF5273278680057FFC2 /* HelloLLVM */,
			);
		};
/* End PBXProject section */

/* Begin PBXSourcesBuildPhase section */
		3709EDF2273278680057FFC2 /* Sources */ = {
			isa = PBXSourcesBuildPhase;
			buildActionMask = 2147483647;
			files = (
				3709EDFA273278680057FFC2 /* main.m in Sources */,
			);
			runOnlyForDeploymentPostprocessing = 0;
		};
/* End PBXSourcesBuildPhase section */

/* Begin XCBuildConfiguration section */
		3709EDFB273278680057FFC2 /* Debug */ = {
			isa = XCBuildConfiguration;
			baseConfigurationReference = 3709EE0027327A6D0057FFC2 /* LLVMConfig.xcconfig */;
			buildSettings = {
				ALWAYS_SEARCH_USER_PATHS = NO;
				CLANG_ANALYZER_NONNULL = YES;
				CLANG_ANALYZER_NUMBER_OBJECT_CONVERSION = YES_AGGRESSIVE;
				CLANG_CXX_LANGUAGE_STANDARD = "gnu++14";
				CLANG_CXX_LIBRARY = "libc++";
				CLANG_ENABLE_MODULES = YES;
				CLANG_ENABLE_OBJC_ARC = YES;
				CLANG_ENABLE_OBJC_WEAK = YES;
				CLANG_WARN_BLOCK_CAPTURE_AUTORELEASING = YES;
				CLANG_WARN_BOOL_CONVERSION = YES;
				CLANG_WARN_COMMA = YES;
				CLANG_WARN_CONSTANT_CONVERSION = YES;
				CLANG_WARN_DEPRECATED_OBJC_IMPLEMENTATIONS = YES;
				CLANG_WARN_DIRECT_OBJC_ISA_USAGE = YES_ERROR;
				CLANG_WARN_DOCUMENTATION_COMMENTS = YES;
				CLANG_WARN_EMPTY_BODY = YES;
				CLANG_WARN_ENUM_CONVERSION = YES;
				CLANG_WARN_INFINITE_RECURSION = YES;
				CLANG_WARN_INT_CONVERSION = YES;
				CLANG_WARN_NON_LITERAL_NULL_CONVERSION = YES;
				CLANG_WARN_OBJC_IMPLICIT_RETAIN_SELF = YES;
				CLANG_WARN_OBJC_LITERAL_CONVERSION = YES;
				CLANG_WARN_OBJC_ROOT_CLASS = YES_ERROR;
				CLANG_WARN_QUOTED_INCLUDE_IN_FRAMEWORK_HEADER = YES;
				CLANG_WARN_RANGE_LOOP_ANALYSIS = YES;
				CLANG_WARN_STRICT_PROTOTYPES = YES;
				CLANG_WARN_SUSPICIOUS_MOVE = YES;
				CLANG_WARN_UNGUARDED_AVAILABILITY = YES_AGGRESSIVE;
				CLANG_WARN_UNREACHABLE_CODE = YES;
				CLANG_WARN__DUPLICATE_METHOD_MATCH = YES;
				COPY_PHASE_STRIP = NO;
				DEBUG_INFORMATION_FORMAT = dwarf;
				ENABLE_STRICT_OBJC_MSGSEND = YES;
				ENABLE_TESTABILITY = YES;
				GCC_C_LANGUAGE_STANDARD = gnu11;
				GCC_DYNAMIC_NO_PIC = NO;
				GCC_NO_COMMON_BLOCKS = YES;
				GCC_OPTIMIZATION_LEVEL = 0;
				GCC_PREPROCESSOR_DEFINITIONS = (
					"DEBUG=1",
					"$(inherited)",
				);
				GCC_WARN_64_TO_32_BIT_CONVERSION = YES;
				GCC_WARN_ABOUT_RETURN_TYPE = YES_ERROR;
				GCC_WARN_UNDECLARED_SELECTOR = YES;
				GCC_WARN_UNINITIALIZED_AUTOS = YES_AGGRESSIVE;
				GCC_WARN_UNUSED_FUNCTION = YES;
				GCC_WARN_UNUSED_VARIABLE = YES;
				MACOSX_DEPLOYMENT_TARGET = 11.2;
				MTL_ENABLE_DEBUG_INFO = INCLUDE_SOURCE;
				MTL_FAST_MATH = YES;
				ONLY_ACTIVE_ARCH = YES;
				SDKROOT = macosx;
			};
			name = Debug;
		};
		3709EDFC273278680057FFC2 /* Release */ = {
			isa = XCBuildConfiguration;
			baseConfigurationReference = 3709EE0027327A6D0057FFC2 /* LLVMConfig.xcconfig */;
			buildSettings = {
				ALWAYS_SEARCH_USER_PATHS = NO;
				CLANG_ANALYZER_NONNULL = YES;
				CLANG_ANALYZER_NUMBER_OBJECT_CONVERSION = YES_AGGRESSIVE;
				CLANG_CXX_LANGUAGE_STANDARD = "gnu++14";
				CLANG_CXX_LIBRARY = "libc++";
				CLANG_ENABLE_MODULES = YES;
				CLANG_ENABLE_OBJC_ARC = YES;
				CLANG_ENABLE_OBJC_WEAK = YES;
				CLANG_WARN_BLOCK_CAPTURE_AUTORELEASING = YES;
				CLANG_WARN_BOOL_CONVERSION = YES;
				CLANG_WARN_COMMA = YES;
				CLANG_WARN_CONSTANT_CONVERSION = YES;
				CLANG_WARN_DEPRECATED_OBJC_IMPLEMENTATIONS = YES;
				CLANG_WARN_DIRECT_OBJC_ISA_USAGE = YES_ERROR;
				CLANG_WARN_DOCUMENTATION_COMMENTS = YES;
				CLANG_WARN_EMPTY_BODY = YES;
				CLANG_WARN_ENUM_CONVERSION = YES;
				CLANG_WARN_INFINITE_RECURSION = YES;
				CLANG_WARN_INT_CONVERSION = YES;
				CLANG_WARN_NON_LITERAL_NULL_CONVERSION = YES;
				CLANG_WARN_OBJC_IMPLICIT_RETAIN_SELF = YES;
				CLANG_WARN_OBJC_LITERAL_CONVERSION = YES;
				CLANG_WARN_OBJC_ROOT_CLASS = YES_ERROR;
				CLANG_WARN_QUOTED_INCLUDE_IN_FRAMEWORK_HEADER = YES;
				CLANG_WARN_RANGE_LOOP_ANALYSIS = YES;
				CLANG_WARN_STRICT_PROTOTYPES = YES;
				CLANG_WARN_SUSPICIOUS_MOVE = YES;
				CLANG_WARN_UNGUARDED_AVAILABILITY = YES_AGGRESSIVE;
				CLANG_WARN_UNREACHABLE_CODE = YES;
				CLANG_WARN__DUPLICATE_METHOD_MATCH = YES;
				COPY_PHASE_STRIP = NO;
				DEBUG_INFORMATION_FORMAT = "dwarf-with-dsym";
				ENABLE_NS_ASSERTIONS = NO;
				ENABLE_STRICT_OBJC_MSGSEND = YES;
				GCC_C_LANGUAGE_STANDARD = gnu11;
				GCC_NO_COMMON_BLOCKS = YES;
				GCC_WARN_64_TO_32_BIT_CONVERSION = YES;
				GCC_WARN_ABOUT_RETURN_TYPE = YES_ERROR;
				GCC_WARN_UNDECLARED_SELECTOR = YES;
				GCC_WARN_UNINITIALIZED_AUTOS = YES_AGGRESSIVE;
				GCC_WARN_UNUSED_FUNCTION = YES;
				GCC_WARN_UNUSED_VARIABLE = YES;
				MACOSX_DEPLOYMENT_TARGET = 11.2;
				MTL_ENABLE_DEBUG_INFO = NO;
				MTL_FAST_MATH = YES;
				SDKROOT = macosx;
			};
			name = Release;
		};
		3709EDFE273278680057FFC2 /* Debug */ = {
			isa = XCBuildConfiguration;
			baseConfigurationReference = 3709EE0027327A6D0057FFC2 /* LLVMConfig.xcconfig */;
			buildSettings = {
				CODE_SIGN_STYLE = Automatic;
				DEVELOPMENT_TEAM = W999U46577;
				ENABLE_HARDENED_RUNTIME = YES;
				PRODUCT_NAME = "$(TARGET_NAME)";
			};
			name = Debug;
		};
		3709EDFF273278680057FFC2 /* Release */ = {
			isa = XCBuildConfiguration;
			baseConfigurationReference = 3709EE0027327A6D0057FFC2 /* LLVMConfig.xcconfig */;
			buildSettings = {
				CODE_SIGN_STYLE = Automatic;
				DEVELOPMENT_TEAM = W999U46577;
				ENABLE_HARDENED_RUNTIME = YES;
				PRODUCT_NAME = "$(TARGET_NAME)";
			};
			name = Release;
		};
/* End XCBuildConfiguration section */

/* Begin XCConfigurationList section */
		3709EDF1273278680057FFC2 /* Build configuration list for PBXProject "HelloLLVM" */ = {
			isa = XCConfigurationList;
			buildConfigurations = (
				3709EDFB273278680057FFC2 /* Debug */,
				3709EDFC273278680057FFC2 /* Release */,
			);
			defaultConfigurationIsVisible = 0;
			defaultConfigurationName = Release;
		};
		3709EDFD273278680057FFC2 /* Build configuration list for PBXNativeTarget "HelloLLVM" */ = {
			isa = XCConfigurationList;
			buildConfigurations = (
				3709EDFE273278680057FFC2 /* Debug */,
				3709EDFF273278680057FFC2 /* Release */,
			);
			defaultConfigurationIsVisible = 0;
			defaultConfigurationName = Release;
		};
/* End XCConfigurationList section */
	};
	rootObject = 3709EDEE273278680057FFC2 /* Project object */;
}
